
Microsoft Visual Studio Solution File, Format Version 12.00
# Visual Studio Version 16
VisualStudioVersion = 16.0.29201.188
MinimumVisualStudioVersion = 10.0.40219.1
Project("{FAE04EC0-301F-11D3-BF4B-00C04F79EFBC}") = "StudentRegistrationDemo3", "StudentRegistrationDemo3\StudentRegistrationDemo3.csproj", "{2B8E3944-6A92-46EC-BE95-B70159DE4939}"
EndProject
Global
	GlobalSection(SolutionConfigurationPlatforms) = preSolution
		Debug|Any CPU = Debug|Any CPU
		Release|Any CPU = Release|Any CPU
	EndGlobalSection
	GlobalSection(ProjectConfigurationPlatforms) = postSolution
		{2B8E3944-6A92-46EC-BE95-B70159DE4939}.Debug|Any CPU.ActiveCfg = Debug|Any CPU
		{2B8E3944-6A92-46EC-BE95-B70159DE4939}.Debug|Any CPU.Build.0 = Debug|Any CPU
		{2B8E3944-6A92-46EC-BE95-B70159DE4939}.Release|Any CPU.ActiveCfg = Release|Any CPU
		{2B8E3944-6A92-46EC-BE95-B70159DE4939}.Release|Any CPU.Build.0 = Release|Any CPU
	EndGlobalSection
	GlobalSection(SolutionProperties) = preSolution
		HideSolutionNode = FALSE
	EndGlobalSection
	GlobalSection(ExtensibilityGlobals) = postSolution
		SolutionGuid = {3CFE7CF9-1A92-453A-BB59-3EFB10800117}
	EndGlobalSection
EndGlobal
